// !$*UTF8*$!
{
	archiveVersion = 1;
	classes = {
	};
	objectVersion = 51;
	objects = {

/* Begin PBXBuildFile section */
		902E5E5D0EB1C42C775135B2 /* Pods_Matrix.framework in Frameworks */ = {isa = PBXBuildFile; fileRef = 154F99E116D170695BBD54CF /* Pods_Matrix.framework */; };
		CA0D1D0923B3BD28009DD5A3 /* Splash.storyboard in Resources */ = {isa = PBXBuildFile; fileRef = CA0D1D0823B3BD28009DD5A3 /* Splash.storyboard */; };
		CA0D1D0B23B3BD87009DD5A3 /* Storyboards.swift in Sources */ = {isa = PBXBuildFile; fileRef = CA0D1D0A23B3BD87009DD5A3 /* Storyboards.swift */; };
		CABF869D23B3912300FAA505 /* AppDelegate.swift in Sources */ = {isa = PBXBuildFile; fileRef = CABF869C23B3912300FAA505 /* AppDelegate.swift */; };
		CABF86A123B3912300FAA505 /* ViewController.swift in Sources */ = {isa = PBXBuildFile; fileRef = CABF86A023B3912300FAA505 /* ViewController.swift */; };
		CABF86BC23B39C2900FAA505 /* ApplicationDelegate.swift in Sources */ = {isa = PBXBuildFile; fileRef = CABF86BB23B39C2900FAA505 /* ApplicationDelegate.swift */; };
		CABF86C123B39EAE00FAA505 /* Main.storyboard in Resources */ = {isa = PBXBuildFile; fileRef = CABF86BD23B39EAE00FAA505 /* Main.storyboard */; };
		CABF86C223B39EAE00FAA505 /* LaunchScreen.storyboard in Resources */ = {isa = PBXBuildFile; fileRef = CABF86BF23B39EAE00FAA505 /* LaunchScreen.storyboard */; };
		CABF86C923B3A40400FAA505 /* Assets.xcassets in Resources */ = {isa = PBXBuildFile; fileRef = CABF86C823B3A40400FAA505 /* Assets.xcassets */; };
/* End PBXBuildFile section */

/* Begin PBXFileReference section */
		154F99E116D170695BBD54CF /* Pods_Matrix.framework */ = {isa = PBXFileReference; explicitFileType = wrapper.framework; includeInIndex = 0; path = Pods_Matrix.framework; sourceTree = BUILT_PRODUCTS_DIR; };
		ACC2C7363A97A64D60919238 /* Pods-Matrix.debug.xcconfig */ = {isa = PBXFileReference; includeInIndex = 1; lastKnownFileType = text.xcconfig; name = "Pods-Matrix.debug.xcconfig"; path = "Target Support Files/Pods-Matrix/Pods-Matrix.debug.xcconfig"; sourceTree = "<group>"; };
		AF65C7EB6668B1A8C7B1F052 /* Pods-Matrix.release.xcconfig */ = {isa = PBXFileReference; includeInIndex = 1; lastKnownFileType = text.xcconfig; name = "Pods-Matrix.release.xcconfig"; path = "Target Support Files/Pods-Matrix/Pods-Matrix.release.xcconfig"; sourceTree = "<group>"; };
		CA0D1D0823B3BD28009DD5A3 /* Splash.storyboard */ = {isa = PBXFileReference; lastKnownFileType = file.storyboard; path = Splash.storyboard; sourceTree = "<group>"; };
		CA0D1D0A23B3BD87009DD5A3 /* Storyboards.swift */ = {isa = PBXFileReference; fileEncoding = 4; lastKnownFileType = sourcecode.swift; path = Storyboards.swift; sourceTree = "<group>"; };
		CABF869923B3912300FAA505 /* Matrix.app */ = {isa = PBXFileReference; explicitFileType = wrapper.application; includeInIndex = 0; path = Matrix.app; sourceTree = BUILT_PRODUCTS_DIR; };
		CABF869C23B3912300FAA505 /* AppDelegate.swift */ = {isa = PBXFileReference; lastKnownFileType = sourcecode.swift; path = AppDelegate.swift; sourceTree = "<group>"; };
		CABF86A023B3912300FAA505 /* ViewController.swift */ = {isa = PBXFileReference; lastKnownFileType = sourcecode.swift; path = ViewController.swift; sourceTree = "<group>"; };
		CABF86AA23B3912300FAA505 /* Info.plist */ = {isa = PBXFileReference; lastKnownFileType = text.plist.xml; path = Info.plist; sourceTree = "<group>"; };
		CABF86BB23B39C2900FAA505 /* ApplicationDelegate.swift */ = {isa = PBXFileReference; lastKnownFileType = sourcecode.swift; path = ApplicationDelegate.swift; sourceTree = "<group>"; };
		CABF86BE23B39EAE00FAA505 /* Base */ = {isa = PBXFileReference; lastKnownFileType = file.storyboard; name = Base; path = Base.lproj/Main.storyboard; sourceTree = "<group>"; };
		CABF86C023B39EAE00FAA505 /* Base */ = {isa = PBXFileReference; lastKnownFileType = file.storyboard; name = Base; path = Base.lproj/LaunchScreen.storyboard; sourceTree = "<group>"; };
		CABF86C823B3A40400FAA505 /* Assets.xcassets */ = {isa = PBXFileReference; lastKnownFileType = folder.assetcatalog; path = Assets.xcassets; sourceTree = "<group>"; };
/* End PBXFileReference section */

/* Begin PBXFrameworksBuildPhase section */
		CABF869623B3912300FAA505 /* Frameworks */ = {
			isa = PBXFrameworksBuildPhase;
			buildActionMask = 2147483647;
			files = (
				902E5E5D0EB1C42C775135B2 /* Pods_Matrix.framework in Frameworks */,
			);
			runOnlyForDeploymentPostprocessing = 0;
		};
/* End PBXFrameworksBuildPhase section */

/* Begin PBXGroup section */
		4CFD9AB65FE12D6B6EFBC47A /* Pods */ = {
			isa = PBXGroup;
			children = (
				ACC2C7363A97A64D60919238 /* Pods-Matrix.debug.xcconfig */,
				AF65C7EB6668B1A8C7B1F052 /* Pods-Matrix.release.xcconfig */,
			);
			path = Pods;
			sourceTree = "<group>";
		};
		BB6E4429D936B94B3552F17C /* Frameworks */ = {
			isa = PBXGroup;
			children = (
				154F99E116D170695BBD54CF /* Pods_Matrix.framework */,
			);
			name = Frameworks;
			sourceTree = "<group>";
		};
		CA0D1D0723B3BD05009DD5A3 /* Splash */ = {
			isa = PBXGroup;
			children = (
				CA0D1D0823B3BD28009DD5A3 /* Splash.storyboard */,
			);
			path = Splash;
			sourceTree = "<group>";
		};
		CABF869023B3912300FAA505 = {
			isa = PBXGroup;
			children = (
				CABF869B23B3912300FAA505 /* Matrix */,
				CABF869A23B3912300FAA505 /* Products */,
				4CFD9AB65FE12D6B6EFBC47A /* Pods */,
				BB6E4429D936B94B3552F17C /* Frameworks */,
			);
			sourceTree = "<group>";
		};
		CABF869A23B3912300FAA505 /* Products */ = {
			isa = PBXGroup;
			children = (
				CABF869923B3912300FAA505 /* Matrix.app */,
			);
			name = Products;
			sourceTree = "<group>";
		};
		CABF869B23B3912300FAA505 /* Matrix */ = {
			isa = PBXGroup;
			children = (
				CABF86B923B3924D00FAA505 /* Application */,
				CABF86B423B3924000FAA505 /* Extensions */,
				CABF86B123B3924000FAA505 /* Models */,
				CABF86B523B3924000FAA505 /* Presentation */,
				CABF86B323B3924000FAA505 /* Resources */,
				CABF86B023B3924000FAA505 /* Services */,
				CABF86B223B3924000FAA505 /* SupportingFiles */,
				CABF86A023B3912300FAA505 /* ViewController.swift */,
				CABF86AA23B3912300FAA505 /* Info.plist */,
			);
			path = Matrix;
			sourceTree = "<group>";
		};
		CABF86B023B3924000FAA505 /* Services */ = {
			isa = PBXGroup;
			children = (
			);
			path = Services;
			sourceTree = "<group>";
		};
		CABF86B123B3924000FAA505 /* Models */ = {
			isa = PBXGroup;
			children = (
			);
			path = Models;
			sourceTree = "<group>";
		};
		CABF86B223B3924000FAA505 /* SupportingFiles */ = {
			isa = PBXGroup;
			children = (
			);
			path = SupportingFiles;
			sourceTree = "<group>";
		};
		CABF86B323B3924000FAA505 /* Resources */ = {
			isa = PBXGroup;
			children = (
				CABF86C823B3A40400FAA505 /* Assets.xcassets */,
			);
			path = Resources;
			sourceTree = "<group>";
		};
		CABF86B423B3924000FAA505 /* Extensions */ = {
			isa = PBXGroup;
			children = (
			);
			path = Extensions;
			sourceTree = "<group>";
		};
		CABF86B523B3924000FAA505 /* Presentation */ = {
			isa = PBXGroup;
			children = (
				CABF86B623B3924000FAA505 /* Storyboards */,
				CABF86B723B3924000FAA505 /* Modules */,
				CABF86B823B3924000FAA505 /* Views */,
			);
			path = Presentation;
			sourceTree = "<group>";
		};
		CABF86B623B3924000FAA505 /* Storyboards */ = {
			isa = PBXGroup;
			children = (
				CA0D1D0A23B3BD87009DD5A3 /* Storyboards.swift */,
				CA0D1D0723B3BD05009DD5A3 /* Splash */,
				CABF86BF23B39EAE00FAA505 /* LaunchScreen.storyboard */,
				CABF86BD23B39EAE00FAA505 /* Main.storyboard */,
			);
			path = Storyboards;
			sourceTree = "<group>";
		};
		CABF86B723B3924000FAA505 /* Modules */ = {
			isa = PBXGroup;
			children = (
				CABF86C323B39EF600FAA505 /* Spalsh */,
			);
			path = Modules;
			sourceTree = "<group>";
		};
		CABF86B823B3924000FAA505 /* Views */ = {
			isa = PBXGroup;
			children = (
			);
			path = Views;
			sourceTree = "<group>";
		};
		CABF86B923B3924D00FAA505 /* Application */ = {
			isa = PBXGroup;
			children = (
				CABF86BA23B39C1700FAA505 /* Delegates */,
				CABF869C23B3912300FAA505 /* AppDelegate.swift */,
			);
			path = Application;
			sourceTree = "<group>";
		};
		CABF86BA23B39C1700FAA505 /* Delegates */ = {
			isa = PBXGroup;
			children = (
				CABF86BB23B39C2900FAA505 /* ApplicationDelegate.swift */,
			);
			path = Delegates;
			sourceTree = "<group>";
		};
		CABF86C323B39EF600FAA505 /* Spalsh */ = {
			isa = PBXGroup;
			children = (
				CABF86C723B39F4F00FAA505 /* View */,
				CABF86C623B39F4800FAA505 /* Presenter */,
				CABF86C523B39F4100FAA505 /* Interactor */,
				CABF86C423B39F0E00FAA505 /* Assembly */,
			);
			path = Spalsh;
			sourceTree = "<group>";
		};
		CABF86C423B39F0E00FAA505 /* Assembly */ = {
			isa = PBXGroup;
			children = (
			);
			path = Assembly;
			sourceTree = "<group>";
		};
		CABF86C523B39F4100FAA505 /* Interactor */ = {
			isa = PBXGroup;
			children = (
			);
			path = Interactor;
			sourceTree = "<group>";
		};
		CABF86C623B39F4800FAA505 /* Presenter */ = {
			isa = PBXGroup;
			children = (
			);
			path = Presenter;
			sourceTree = "<group>";
		};
		CABF86C723B39F4F00FAA505 /* View */ = {
			isa = PBXGroup;
			children = (
			);
			path = View;
			sourceTree = "<group>";
		};
/* End PBXGroup section */

/* Begin PBXNativeTarget section */
		CABF869823B3912300FAA505 /* Matrix */ = {
			isa = PBXNativeTarget;
			buildConfigurationList = CABF86AD23B3912300FAA505 /* Build configuration list for PBXNativeTarget "Matrix" */;
			buildPhases = (
				DDDDAB3F26C6A93005A6DD4F /* [CP] Check Pods Manifest.lock */,
				CABF869523B3912300FAA505 /* Sources */,
				CABF869623B3912300FAA505 /* Frameworks */,
				CABF869723B3912300FAA505 /* Resources */,
				EC57E082BBB3C15EA376E84B /* [CP] Embed Pods Frameworks */,
			);
			buildRules = (
			);
			dependencies = (
			);
			name = Matrix;
			productName = Matrix;
			productReference = CABF869923B3912300FAA505 /* Matrix.app */;
			productType = "com.apple.product-type.application";
		};
/* End PBXNativeTarget section */

/* Begin PBXProject section */
		CABF869123B3912300FAA505 /* Project object */ = {
			isa = PBXProject;
			attributes = {
				LastSwiftUpdateCheck = 1120;
				LastUpgradeCheck = 1120;
				ORGANIZATIONNAME = "Andrey Chub";
				TargetAttributes = {
					CABF869823B3912300FAA505 = {
						CreatedOnToolsVersion = 11.2.1;
					};
				};
			};
			buildConfigurationList = CABF869423B3912300FAA505 /* Build configuration list for PBXProject "Matrix" */;
			compatibilityVersion = "Xcode 9.3";
			developmentRegion = en;
			hasScannedForEncodings = 0;
			knownRegions = (
				en,
				Base,
			);
			mainGroup = CABF869023B3912300FAA505;
			productRefGroup = CABF869A23B3912300FAA505 /* Products */;
			projectDirPath = "";
			projectRoot = "";
			targets = (
				CABF869823B3912300FAA505 /* Matrix */,
			);
		};
/* End PBXProject section */

/* Begin PBXResourcesBuildPhase section */
		CABF869723B3912300FAA505 /* Resources */ = {
			isa = PBXResourcesBuildPhase;
			buildActionMask = 2147483647;
			files = (
				CABF86C223B39EAE00FAA505 /* LaunchScreen.storyboard in Resources */,
				CABF86C923B3A40400FAA505 /* Assets.xcassets in Resources */,
				CABF86C123B39EAE00FAA505 /* Main.storyboard in Resources */,
				CA0D1D0923B3BD28009DD5A3 /* Splash.storyboard in Resources */,
			);
			runOnlyForDeploymentPostprocessing = 0;
		};
/* End PBXResourcesBuildPhase section */

/* Begin PBXShellScriptBuildPhase section */
		DDDDAB3F26C6A93005A6DD4F /* [CP] Check Pods Manifest.lock */ = {
			isa = PBXShellScriptBuildPhase;
			buildActionMask = 2147483647;
			files = (
			);
			inputFileListPaths = (
			);
			inputPaths = (
				"${PODS_PODFILE_DIR_PATH}/Podfile.lock",
				"${PODS_ROOT}/Manifest.lock",
			);
			name = "[CP] Check Pods Manifest.lock";
			outputFileListPaths = (
			);
			outputPaths = (
				"$(DERIVED_FILE_DIR)/Pods-Matrix-checkManifestLockResult.txt",
			);
			runOnlyForDeploymentPostprocessing = 0;
			shellPath = /bin/sh;
			shellScript = "diff \"${PODS_PODFILE_DIR_PATH}/Podfile.lock\" \"${PODS_ROOT}/Manifest.lock\" > /dev/null\nif [ $? != 0 ] ; then\n    # print error to STDERR\n    echo \"error: The sandbox is not in sync with the Podfile.lock. Run 'pod install' or update your CocoaPods installation.\" >&2\n    exit 1\nfi\n# This output is used by Xcode 'outputs' to avoid re-running this script phase.\necho \"SUCCESS\" > \"${SCRIPT_OUTPUT_FILE_0}\"\n";
			showEnvVarsInLog = 0;
		};
		EC57E082BBB3C15EA376E84B /* [CP] Embed Pods Frameworks */ = {
			isa = PBXShellScriptBuildPhase;
			buildActionMask = 2147483647;
			files = (
			);
			inputFileListPaths = (
				"${PODS_ROOT}/Target Support Files/Pods-Matrix/Pods-Matrix-frameworks-${CONFIGURATION}-input-files.xcfilelist",
			);
			name = "[CP] Embed Pods Frameworks";
			outputFileListPaths = (
				"${PODS_ROOT}/Target Support Files/Pods-Matrix/Pods-Matrix-frameworks-${CONFIGURATION}-output-files.xcfilelist",
			);
			runOnlyForDeploymentPostprocessing = 0;
			shellPath = /bin/sh;
			shellScript = "\"${PODS_ROOT}/Target Support Files/Pods-Matrix/Pods-Matrix-frameworks.sh\"\n";
			showEnvVarsInLog = 0;
		};
/* End PBXShellScriptBuildPhase section */

/* Begin PBXSourcesBuildPhase section */
		CABF869523B3912300FAA505 /* Sources */ = {
			isa = PBXSourcesBuildPhase;
			buildActionMask = 2147483647;
			files = (
				CABF86A123B3912300FAA505 /* ViewController.swift in Sources */,
				CA0D1D0B23B3BD87009DD5A3 /* Storyboards.swift in Sources */,
				CABF869D23B3912300FAA505 /* AppDelegate.swift in Sources */,
				CABF86BC23B39C2900FAA505 /* ApplicationDelegate.swift in Sources */,
			);
			runOnlyForDeploymentPostprocessing = 0;
		};
/* End PBXSourcesBuildPhase section */

/* Begin PBXVariantGroup section */
		CABF86BD23B39EAE00FAA505 /* Main.storyboard */ = {
			isa = PBXVariantGroup;
			children = (
				CABF86BE23B39EAE00FAA505 /* Base */,
			);
			name = Main.storyboard;
			sourceTree = "<group>";
		};
		CABF86BF23B39EAE00FAA505 /* LaunchScreen.storyboard */ = {
			isa = PBXVariantGroup;
			children = (
				CABF86C023B39EAE00FAA505 /* Base */,
			);
			name = LaunchScreen.storyboard;
			sourceTree = "<group>";
		};
/* End PBXVariantGroup section */

/* Begin XCBuildConfiguration section */
		CABF86AB23B3912300FAA505 /* Debug */ = {
			isa = XCBuildConfiguration;
			buildSettings = {
				ALWAYS_SEARCH_USER_PATHS = NO;
				CLANG_ANALYZER_NONNULL = YES;
				CLANG_ANALYZER_NUMBER_OBJECT_CONVERSION = YES_AGGRESSIVE;
				CLANG_CXX_LANGUAGE_STANDARD = "gnu++14";
				CLANG_CXX_LIBRARY = "libc++";
				CLANG_ENABLE_MODULES = YES;
				CLANG_ENABLE_OBJC_ARC = YES;
				CLANG_ENABLE_OBJC_WEAK = YES;
				CLANG_WARN_BLOCK_CAPTURE_AUTORELEASING = YES;
				CLANG_WARN_BOOL_CONVERSION = YES;
				CLANG_WARN_COMMA = YES;
				CLANG_WARN_CONSTANT_CONVERSION = YES;
				CLANG_WARN_DEPRECATED_OBJC_IMPLEMENTATIONS = YES;
				CLANG_WARN_DIRECT_OBJC_ISA_USAGE = YES_ERROR;
				CLANG_WARN_DOCUMENTATION_COMMENTS = YES;
				CLANG_WARN_EMPTY_BODY = YES;
				CLANG_WARN_ENUM_CONVERSION = YES;
				CLANG_WARN_INFINITE_RECURSION = YES;
				CLANG_WARN_INT_CONVERSION = YES;
				CLANG_WARN_NON_LITERAL_NULL_CONVERSION = YES;
				CLANG_WARN_OBJC_IMPLICIT_RETAIN_SELF = YES;
				CLANG_WARN_OBJC_LITERAL_CONVERSION = YES;
				CLANG_WARN_OBJC_ROOT_CLASS = YES_ERROR;
				CLANG_WARN_RANGE_LOOP_ANALYSIS = YES;
				CLANG_WARN_STRICT_PROTOTYPES = YES;
				CLANG_WARN_SUSPICIOUS_MOVE = YES;
				CLANG_WARN_UNGUARDED_AVAILABILITY = YES_AGGRESSIVE;
				CLANG_WARN_UNREACHABLE_CODE = YES;
				CLANG_WARN__DUPLICATE_METHOD_MATCH = YES;
				COPY_PHASE_STRIP = NO;
				DEBUG_INFORMATION_FORMAT = dwarf;
				ENABLE_STRICT_OBJC_MSGSEND = YES;
				ENABLE_TESTABILITY = YES;
				GCC_C_LANGUAGE_STANDARD = gnu11;
				GCC_DYNAMIC_NO_PIC = NO;
				GCC_NO_COMMON_BLOCKS = YES;
				GCC_OPTIMIZATION_LEVEL = 0;
				GCC_PREPROCESSOR_DEFINITIONS = (
					"DEBUG=1",
					"$(inherited)",
				);
				GCC_WARN_64_TO_32_BIT_CONVERSION = YES;
				GCC_WARN_ABOUT_RETURN_TYPE = YES_ERROR;
				GCC_WARN_UNDECLARED_SELECTOR = YES;
				GCC_WARN_UNINITIALIZED_AUTOS = YES_AGGRESSIVE;
				GCC_WARN_UNUSED_FUNCTION = YES;
				GCC_WARN_UNUSED_VARIABLE = YES;
				IPHONEOS_DEPLOYMENT_TARGET = 13.2;
				MTL_ENABLE_DEBUG_INFO = INCLUDE_SOURCE;
				MTL_FAST_MATH = YES;
				ONLY_ACTIVE_ARCH = YES;
				SDKROOT = iphoneos;
				SWIFT_ACTIVE_COMPILATION_CONDITIONS = DEBUG;
				SWIFT_OPTIMIZATION_LEVEL = "-Onone";
			};
			name = Debug;
		};
		CABF86AC23B3912300FAA505 /* Release */ = {
			isa = XCBuildConfiguration;
			buildSettings = {
				ALWAYS_SEARCH_USER_PATHS = NO;
				CLANG_ANALYZER_NONNULL = YES;
				CLANG_ANALYZER_NUMBER_OBJECT_CONVERSION = YES_AGGRESSIVE;
				CLANG_CXX_LANGUAGE_STANDARD = "gnu++14";
				CLANG_CXX_LIBRARY = "libc++";
				CLANG_ENABLE_MODULES = YES;
				CLANG_ENABLE_OBJC_ARC = YES;
				CLANG_ENABLE_OBJC_WEAK = YES;
				CLANG_WARN_BLOCK_CAPTURE_AUTORELEASING = YES;
				CLANG_WARN_BOOL_CONVERSION = YES;
				CLANG_WARN_COMMA = YES;
				CLANG_WARN_CONSTANT_CONVERSION = YES;
				CLANG_WARN_DEPRECATED_OBJC_IMPLEMENTATIONS = YES;
				CLANG_WARN_DIRECT_OBJC_ISA_USAGE = YES_ERROR;
				CLANG_WARN_DOCUMENTATION_COMMENTS = YES;
				CLANG_WARN_EMPTY_BODY = YES;
				CLANG_WARN_ENUM_CONVERSION = YES;
				CLANG_WARN_INFINITE_RECURSION = YES;
				CLANG_WARN_INT_CONVERSION = YES;
				CLANG_WARN_NON_LITERAL_NULL_CONVERSION = YES;
				CLANG_WARN_OBJC_IMPLICIT_RETAIN_SELF = YES;
				CLANG_WARN_OBJC_LITERAL_CONVERSION = YES;
				CLANG_WARN_OBJC_ROOT_CLASS = YES_ERROR;
				CLANG_WARN_RANGE_LOOP_ANALYSIS = YES;
				CLANG_WARN_STRICT_PROTOTYPES = YES;
				CLANG_WARN_SUSPICIOUS_MOVE = YES;
				CLANG_WARN_UNGUARDED_AVAILABILITY = YES_AGGRESSIVE;
				CLANG_WARN_UNREACHABLE_CODE = YES;
				CLANG_WARN__DUPLICATE_METHOD_MATCH = YES;
				COPY_PHASE_STRIP = NO;
				DEBUG_INFORMATION_FORMAT = "dwarf-with-dsym";
				ENABLE_NS_ASSERTIONS = NO;
				ENABLE_STRICT_OBJC_MSGSEND = YES;
				GCC_C_LANGUAGE_STANDARD = gnu11;
				GCC_NO_COMMON_BLOCKS = YES;
				GCC_WARN_64_TO_32_BIT_CONVERSION = YES;
				GCC_WARN_ABOUT_RETURN_TYPE = YES_ERROR;
				GCC_WARN_UNDECLARED_SELECTOR = YES;
				GCC_WARN_UNINITIALIZED_AUTOS = YES_AGGRESSIVE;
				GCC_WARN_UNUSED_FUNCTION = YES;
				GCC_WARN_UNUSED_VARIABLE = YES;
				IPHONEOS_DEPLOYMENT_TARGET = 13.2;
				MTL_ENABLE_DEBUG_INFO = NO;
				MTL_FAST_MATH = YES;
				SDKROOT = iphoneos;
				SWIFT_COMPILATION_MODE = wholemodule;
				SWIFT_OPTIMIZATION_LEVEL = "-O";
				VALIDATE_PRODUCT = YES;
			};
			name = Release;
		};
		CABF86AE23B3912300FAA505 /* Debug */ = {
			isa = XCBuildConfiguration;
			baseConfigurationReference = ACC2C7363A97A64D60919238 /* Pods-Matrix.debug.xcconfig */;
			buildSettings = {
				ASSETCATALOG_COMPILER_APPICON_NAME = AppIcon;
				CODE_SIGN_STYLE = Automatic;
				INFOPLIST_FILE = Matrix/Info.plist;
				IPHONEOS_DEPLOYMENT_TARGET = 12.4;
				LD_RUNPATH_SEARCH_PATHS = (
					"$(inherited)",
					"@executable_path/Frameworks",
				);
				PRODUCT_BUNDLE_IDENTIFIER = andrewchub.Matrix;
				PRODUCT_NAME = "$(TARGET_NAME)";
				SWIFT_VERSION = 5.0;
				TARGETED_DEVICE_FAMILY = 1;
			};
			name = Debug;
		};
		CABF86AF23B3912300FAA505 /* Release */ = {
			isa = XCBuildConfiguration;
			baseConfigurationReference = AF65C7EB6668B1A8C7B1F052 /* Pods-Matrix.release.xcconfig */;
			buildSettings = {
				ASSETCATALOG_COMPILER_APPICON_NAME = AppIcon;
				CODE_SIGN_STYLE = Automatic;
				INFOPLIST_FILE = Matrix/Info.plist;
				IPHONEOS_DEPLOYMENT_TARGET = 12.4;
				LD_RUNPATH_SEARCH_PATHS = (
					"$(inherited)",
					"@executable_path/Frameworks",
				);
				PRODUCT_BUNDLE_IDENTIFIER = andrewchub.Matrix;
				PRODUCT_NAME = "$(TARGET_NAME)";
				SWIFT_VERSION = 5.0;
				TARGETED_DEVICE_FAMILY = 1;
			};
			name = Release;
		};
/* End XCBuildConfiguration section */

/* Begin XCConfigurationList section */
		CABF869423B3912300FAA505 /* Build configuration list for PBXProject "Matrix" */ = {
			isa = XCConfigurationList;
			buildConfigurations = (
				CABF86AB23B3912300FAA505 /* Debug */,
				CABF86AC23B3912300FAA505 /* Release */,
			);
			defaultConfigurationIsVisible = 0;
			defaultConfigurationName = Release;
		};
		CABF86AD23B3912300FAA505 /* Build configuration list for PBXNativeTarget "Matrix" */ = {
			isa = XCConfigurationList;
			buildConfigurations = (
				CABF86AE23B3912300FAA505 /* Debug */,
				CABF86AF23B3912300FAA505 /* Release */,
			);
			defaultConfigurationIsVisible = 0;
			defaultConfigurationName = Release;
		};
/* End XCConfigurationList section */
	};
	rootObject = CABF869123B3912300FAA505 /* Project object */;
}
